
Microsoft Visual Studio Solution File, Format Version 12.00
# Visual Studio Version 17
VisualStudioVersion = 17.9.34622.214
MinimumVisualStudioVersion = 10.0.40219.1
Project("{FAE04EC0-301F-11D3-BF4B-00C04F79EFBC}") = "SimpleHTTP", "SimpleHTTP\SimpleHTTP.csproj", "{F8CCCEF9-B146-4267-B61F-810ABF8A4DB1}"
EndProject
Global
	GlobalSection(SolutionConfigurationPlatforms) = preSolution
		Debug|Any CPU = Debug|Any CPU
		Release|Any CPU = Release|Any CPU
	EndGlobalSection
	GlobalSection(ProjectConfigurationPlatforms) = postSolution
		{F8CCCEF9-B146-4267-B61F-810ABF8A4DB1}.Debug|Any CPU.ActiveCfg = Debug|Any CPU
		{F8CCCEF9-B146-4267-B61F-810ABF8A4DB1}.Debug|Any CPU.Build.0 = Debug|Any CPU
		{F8CCCEF9-B146-4267-B61F-810ABF8A4DB1}.Release|Any CPU.ActiveCfg = Release|Any CPU
		{F8CCCEF9-B146-4267-B61F-810ABF8A4DB1}.Release|Any CPU.Build.0 = Release|Any CPU
	EndGlobalSection
	GlobalSection(SolutionProperties) = preSolution
		HideSolutionNode = FALSE
	EndGlobalSection
	GlobalSection(ExtensibilityGlobals) = postSolution
		SolutionGuid = {1BCE344F-642F-4107-B955-715BAF8B8451}
	EndGlobalSection
EndGlobal
